
Microsoft Visual Studio Solution File, Format Version 12.00
# Visual Studio Version 16
VisualStudioVersion = 16.0.32901.82
MinimumVisualStudioVersion = 10.0.40219.1
Project("{FAE04EC0-301F-11D3-BF4B-00C04F79EFBC}") = "ShareTeam", "ShareTeam.csproj", "{70942FAB-B4A1-4034-BCD3-F6014ABB52BF}"
EndProject
Global
	GlobalSection(SolutionConfigurationPlatforms) = preSolution
		Debug|Any CPU = Debug|Any CPU
		Release|Any CPU = Release|Any CPU
	EndGlobalSection
	GlobalSection(ProjectConfigurationPlatforms) = postSolution
		{70942FAB-B4A1-4034-BCD3-F6014ABB52BF}.Debug|Any CPU.ActiveCfg = Debug|Any CPU
		{70942FAB-B4A1-4034-BCD3-F6014ABB52BF}.Debug|Any CPU.Build.0 = Debug|Any CPU
		{70942FAB-B4A1-4034-BCD3-F6014ABB52BF}.Release|Any CPU.ActiveCfg = Release|Any CPU
		{70942FAB-B4A1-4034-BCD3-F6014ABB52BF}.Release|Any CPU.Build.0 = Release|Any CPU
	EndGlobalSection
	GlobalSection(SolutionProperties) = preSolution
		HideSolutionNode = FALSE
	EndGlobalSection
	GlobalSection(ExtensibilityGlobals) = postSolution
		SolutionGuid = {90DE1A43-7794-4111-94D4-FC458A193DE9}
	EndGlobalSection
EndGlobal
